{
    "_readme": [
        "This file locks the dependencies of your project to a known state",
        "Read more about it at http://getcomposer.org/doc/01-basic-usage.md#composer-lock-the-lock-file",
        "This file is @generated automatically"
    ],
    "hash": "eece8042b2bc40a3d9b3212e0a9d3c66",
    "packages": [
        {
            "name": "brickrouge/brickrouge",
            "version": "v2.1.4",
            "source": {
                "type": "git",
                "url": "https://github.com/Brickrouge/Brickrouge.git",
                "reference": "5553a94c6aa1ecc1db3fcf8ed0fec3fee29df9b8"
            },
            "dist": {
                "type": "zip",
                "url": "https://api.github.com/repos/Brickrouge/Brickrouge/zipball/5553a94c6aa1ecc1db3fcf8ed0fec3fee29df9b8",
                "reference": "5553a94c6aa1ecc1db3fcf8ed0fec3fee29df9b8",
                "shasum": ""
            },
            "require": {
                "icanboogie/common": "~1.2",
                "icanboogie/errors": "~1.0",
                "icanboogie/prototype": "~2.0",
                "php": ">=5.4.0"
            },
            "type": "library",
            "extra": {
                "icanboogie": {
                    "locale-path": "locale"
                }
            },
            "autoload": {
                "psr-4": {
                    "Brickrouge\\": "lib/"
                },
                "files": [
                    "bootstrap.php",
                    "helpers.php"
                ]
            },
            "notification-url": "https://packagist.org/downloads/",
            "license": [
                "BSD-3-Clause"
            ],
            "authors": [
                {
                    "name": "Olivier Laviale",
                    "email": "olivier.laviale@gmail.com",
                    "homepage": "http://www.weirdog.com/",
                    "role": "Developer"
                }
            ],
            "description": "A toolkit to create HTML elements",
            "homepage": "http://brickrouge.org/",
            "keywords": [
                "bootstrap",
                "element",
                "form",
                "html",
                "widget"
            ],
            "time": "2014-12-21 10:24:41"
        },
        {
            "name": "brickrouge/listview",
            "version": "dev-master",
            "source": {
                "type": "git",
                "url": "https://github.com/Brickrouge/Listview.git",
                "reference": "4f8776d95c1251c65abba28df0de7ece47cdd98a"
            },
            "dist": {
                "type": "zip",
                "url": "https://api.github.com/repos/Brickrouge/Listview/zipball/4f8776d95c1251c65abba28df0de7ece47cdd98a",
                "reference": "4f8776d95c1251c65abba28df0de7ece47cdd98a",
                "shasum": ""
            },
            "require": {
                "brickrouge/brickrouge": "~2.1",
                "php": ">=5.4.0"
            },
            "type": "library",
            "autoload": {
                "classmap": [
                    "lib/"
                ]
            },
            "notification-url": "https://packagist.org/downloads/",
            "license": [
                "BSD-3-Clause"
            ],
            "authors": [
                {
                    "name": "Olivier Laviale",
                    "email": "olivier.laviale@gmail.com",
                    "homepage": "http://www.weirdog.com/",
                    "role": "Developer"
                }
            ],
            "description": "A listview elements.",
            "homepage": "http://brickrouge.org/",
            "keywords": [
                "mail"
            ],
            "time": "2014-11-19 14:55:55"
        },
        {
            "name": "icanboogie/activerecord",
            "version": "v2.1.0.1",
            "source": {
                "type": "git",
                "url": "https://github.com/ICanBoogie/ActiveRecord.git",
                "reference": "4775d3dbe7fabea123c0287be837542a893bf16d"
            },
            "dist": {
                "type": "zip",
                "url": "https://api.github.com/repos/ICanBoogie/ActiveRecord/zipball/4775d3dbe7fabea123c0287be837542a893bf16d",
                "reference": "4775d3dbe7fabea123c0287be837542a893bf16d",
                "shasum": ""
            },
            "require": {
                "ext-pdo": "*",
                "icanboogie/datetime": ">=1.1",
                "icanboogie/inflector": ">=1.3",
                "icanboogie/prototype": ">=2.0",
                "php": ">=5.4.0"
            },
            "type": "library",
            "extra": {
                "icanboogie": {
                    "config-constructor": {
                        "activerecord_connections": "ICanBoogie\\ActiveRecord\\Hooks::synthesize_connections_config#activerecord"
                    },
                    "config-path": "config"
                }
            },
            "autoload": {
                "psr-4": {
                    "ICanBoogie\\ActiveRecord\\": "lib"
                },
                "classmap": [
                    "lib/ActiveRecord.php"
                ],
                "files": [
                    "bootstrap.php",
                    "helpers.php"
                ]
            },
            "notification-url": "https://packagist.org/downloads/",
            "license": [
                "BSD-3-Clause"
            ],
            "authors": [
                {
                    "name": "Olivier Laviale",
                    "email": "olivier.laviale@gmail.com",
                    "homepage": "http://www.weirdog.com/",
                    "role": "Developer"
                }
            ],
            "description": "ActiveRecord Object-relational mapping",
            "homepage": "http://icanboogie.org/",
            "keywords": [
                "activerecord",
                "database",
                "orm"
            ],
            "time": "2014-11-17 13:26:13"
        },
        {
            "name": "icanboogie/cldr",
            "version": "v1.3.5",
            "source": {
                "type": "git",
                "url": "https://github.com/ICanBoogie/CLDR.git",
                "reference": "d938621e489d8fc588aa6c6c3f96c5e96dd986cd"
            },
            "dist": {
                "type": "zip",
                "url": "https://api.github.com/repos/ICanBoogie/CLDR/zipball/d938621e489d8fc588aa6c6c3f96c5e96dd986cd",
                "reference": "d938621e489d8fc588aa6c6c3f96c5e96dd986cd",
                "shasum": ""
            },
            "require": {
                "ext-curl": "*",
                "icanboogie/common": "~1.2",
                "icanboogie/datetime": ">=1.0",
                "php": ">=5.4.0"
            },
            "type": "library",
            "extra": {
                "icanboogie": {
                    "config-path": "config"
                }
            },
            "autoload": {
                "psr-4": {
                    "ICanBoogie\\CLDR\\": "lib"
                }
            },
            "notification-url": "https://packagist.org/downloads/",
            "license": [
                "BSD-3-Clause"
            ],
            "authors": [
                {
                    "name": "Olivier Laviale",
                    "email": "olivier.laviale@gmail.com",
                    "homepage": "http://www.weirdog.com/",
                    "role": "Developer"
                }
            ],
            "description": "An API to i18n your application using Unicode's CLDR",
            "homepage": "http://icanboogie.org/",
            "keywords": [
                "cldr",
                "currency",
                "format",
                "i18n",
                "locale",
                "territory"
            ],
            "time": "2015-01-24 22:54:42"
        },
        {
            "name": "icanboogie/common",
            "version": "v1.2.2.1",
            "source": {
                "type": "git",
                "url": "https://github.com/ICanBoogie/Common.git",
                "reference": "ec90b2d854a49882c814c84f67ed54bbb566aac0"
            },
            "dist": {
                "type": "zip",
                "url": "https://api.github.com/repos/ICanBoogie/Common/zipball/ec90b2d854a49882c814c84f67ed54bbb566aac0",
                "reference": "ec90b2d854a49882c814c84f67ed54bbb566aac0",
                "shasum": ""
            },
            "require": {
                "php": ">=5.3.0"
            },
            "type": "library",
            "autoload": {
                "classmap": [
                    "lib/"
                ],
                "files": [
                    "bootstrap.php",
                    "lib/helpers.php"
                ]
            },
            "notification-url": "https://packagist.org/downloads/",
            "license": [
                "BSD-3-Clause"
            ],
            "authors": [
                {
                    "name": "Olivier Laviale",
                    "email": "olivier.laviale@gmail.com",
                    "homepage": "http://www.weirdog.com/",
                    "role": "Developer"
                }
            ],
            "description": "Common helpers and classes for ICanBoogie",
            "homepage": "http://icanboogie.org/",
            "keywords": [
                "toolkit"
            ],
            "time": "2014-10-21 12:06:36"
        },
        {
            "name": "icanboogie/config",
            "version": "v1.0.0",
            "source": {
                "type": "git",
                "url": "https://github.com/ICanBoogie/Config.git",
                "reference": "cdf9c623ec126e6729ef6703b7baf7e727715cc9"
            },
            "dist": {
                "type": "zip",
                "url": "https://api.github.com/repos/ICanBoogie/Config/zipball/cdf9c623ec126e6729ef6703b7baf7e727715cc9",
                "reference": "cdf9c623ec126e6729ef6703b7baf7e727715cc9",
                "shasum": ""
            },
            "require": {
                "icanboogie/common": "~1.2",
                "icanboogie/storage": "~1.0",
                "php": ">=5.4.0"
            },
            "type": "library",
            "autoload": {
                "classmap": [
                    "lib/"
                ]
            },
            "notification-url": "https://packagist.org/downloads/",
            "license": [
                "BSD-3-Clause"
            ],
            "authors": [
                {
                    "name": "Olivier Laviale",
                    "email": "olivier.laviale@gmail.com",
                    "homepage": "http://www.weirdog.com/",
                    "role": "Developer"
                }
            ],
            "description": "Synthesizes low-level configurations.",
            "homepage": "http://icanboogie.org/",
            "keywords": [
                "config"
            ],
            "time": "2015-01-20 19:25:44"
        },
        {
            "name": "icanboogie/datetime",
            "version": "v1.1.0",
            "source": {
                "type": "git",
                "url": "https://github.com/ICanBoogie/DateTime.git",
                "reference": "d55cd68b9e07f84f4efc588900a9f49a5546f5c0"
            },
            "dist": {
                "type": "zip",
                "url": "https://api.github.com/repos/ICanBoogie/DateTime/zipball/d55cd68b9e07f84f4efc588900a9f49a5546f5c0",
                "reference": "d55cd68b9e07f84f4efc588900a9f49a5546f5c0",
                "shasum": ""
            },
            "require": {
                "php": ">=5.4.0"
            },
            "require-dev": {
                "icanboogie/common": "~1.2"
            },
            "suggest": {
                "icanboogie/common": "Allows finer exceptions to be thrown"
            },
            "type": "library",
            "autoload": {
                "classmap": [
                    "lib/"
                ]
            },
            "notification-url": "https://packagist.org/downloads/",
            "license": [
                "BSD-3-Clause"
            ],
            "authors": [
                {
                    "name": "Olivier Laviale",
                    "email": "olivier.laviale@gmail.com",
                    "homepage": "http://www.weirdog.com/",
                    "role": "Developer"
                }
            ],
            "description": "Extends the features of PHP DateTime and DateTimeZone",
            "homepage": "http://icanboogie.org/",
            "keywords": [
                "date",
                "time",
                "timezone"
            ],
            "time": "2014-10-23 12:11:06"
        },
        {
            "name": "icanboogie/errors",
            "version": "v1.0.0",
            "source": {
                "type": "git",
                "url": "https://github.com/ICanBoogie/Errors.git",
                "reference": "3838cb994a779a10ddd9eadff5345a917b481674"
            },
            "dist": {
                "type": "zip",
                "url": "https://api.github.com/repos/ICanBoogie/Errors/zipball/3838cb994a779a10ddd9eadff5345a917b481674",
                "reference": "3838cb994a779a10ddd9eadff5345a917b481674",
                "shasum": ""
            },
            "require": {
                "php": ">=5.3.0"
            },
            "type": "library",
            "autoload": {
                "classmap": [
                    "lib/"
                ]
            },
            "notification-url": "https://packagist.org/downloads/",
            "license": [
                "BSD-3-Clause"
            ],
            "authors": [
                {
                    "name": "Olivier Laviale",
                    "email": "olivier.laviale@gmail.com",
                    "homepage": "http://www.weirdog.com/",
                    "role": "Developer"
                }
            ],
            "description": "An error collector",
            "homepage": "http://icanboogie.org/",
            "keywords": [
                "errors"
            ],
            "time": "2014-04-12 12:14:04"
        },
        {
            "name": "icanboogie/event",
            "version": "v1.2.2",
            "source": {
                "type": "git",
                "url": "https://github.com/ICanBoogie/Event.git",
                "reference": "7f030b611ea5e45d5043146b17eb8e6dbb978ef7"
            },
            "dist": {
                "type": "zip",
                "url": "https://api.github.com/repos/ICanBoogie/Event/zipball/7f030b611ea5e45d5043146b17eb8e6dbb978ef7",
                "reference": "7f030b611ea5e45d5043146b17eb8e6dbb978ef7",
                "shasum": ""
            },
            "require": {
                "icanboogie/common": "*",
                "icanboogie/inflector": "*",
                "php": ">=5.3.0"
            },
            "type": "library",
            "extra": {
                "icanboogie": {
                    "config-path": "config",
                    "config-constructor": {
                        "events": "ICanBoogie\\Event\\Hooks::synthesize_config#hooks"
                    }
                }
            },
            "autoload": {
                "classmap": [
                    "lib/"
                ]
            },
            "notification-url": "https://packagist.org/downloads/",
            "license": [
                "BSD-3-Clause"
            ],
            "authors": [
                {
                    "name": "Olivier Laviale",
                    "email": "olivier.laviale@gmail.com",
                    "homepage": "http://www.weirdog.com/",
                    "role": "Developer"
                }
            ],
            "description": "Provides an event API",
            "homepage": "http://icanboogie.org/",
            "keywords": [
                "event"
            ],
            "time": "2014-12-14 21:00:03"
        },
        {
            "name": "icanboogie/facets",
            "version": "dev-master",
            "source": {
                "type": "git",
                "url": "https://github.com/ICanBoogie/Facets.git",
                "reference": "480079c45489c6842304443301582995dcb4746d"
            },
            "dist": {
                "type": "zip",
                "url": "https://api.github.com/repos/ICanBoogie/Facets/zipball/480079c45489c6842304443301582995dcb4746d",
                "reference": "480079c45489c6842304443301582995dcb4746d",
                "shasum": ""
            },
            "require": {
                "icanboogie/activerecord": "2.x",
                "php": ">=5.4.0"
            },
            "type": "library",
            "extra": {
                "icanboogie": {
                    "config-path": "config",
                    "config-constructor": {
                        "activerecord.facets": "ICanBoogie\\ActiveRecord\\Facets\\Hooks::synthesize_config#activerecord"
                    }
                }
            },
            "autoload": {
                "classmap": [
                    "lib/"
                ]
            },
            "notification-url": "https://packagist.org/downloads/",
            "license": [
                "BSD-3-Clause"
            ],
            "authors": [
                {
                    "name": "Olivier Laviale",
                    "email": "olivier.laviale@gmail.com",
                    "homepage": "http://www.weirdog.com/",
                    "role": "Developer"
                }
            ],
            "description": "Makes it easy to implement faceted search.",
            "homepage": "http://icanboogie.org/",
            "keywords": [
                "activerecord",
                "criterion",
                "faceted",
                "search"
            ],
            "time": "2014-11-21 13:47:04"
        },
        {
            "name": "icanboogie/http",
            "version": "v2.2.3",
            "source": {
                "type": "git",
                "url": "https://github.com/ICanBoogie/HTTP.git",
                "reference": "f0b7c6137f144826887aa365adaa4015e96e1c74"
            },
            "dist": {
                "type": "zip",
                "url": "https://api.github.com/repos/ICanBoogie/HTTP/zipball/f0b7c6137f144826887aa365adaa4015e96e1c74",
                "reference": "f0b7c6137f144826887aa365adaa4015e96e1c74",
                "shasum": ""
            },
            "require": {
                "icanboogie/datetime": ">=1.1",
                "icanboogie/event": ">=1.2",
                "icanboogie/prototype": "2.x",
                "php": ">=5.4.0"
            },
            "type": "library",
            "autoload": {
                "psr-4": {
                    "ICanBoogie\\HTTP\\": "lib/"
                },
                "classmap": [
                    "lib/RescueEvent.php"
                ],
                "files": [
                    "helpers.php"
                ]
            },
            "notification-url": "https://packagist.org/downloads/",
            "license": [
                "BSD-3-Clause"
            ],
            "authors": [
                {
                    "name": "Olivier Laviale",
                    "email": "olivier.laviale@gmail.com",
                    "homepage": "http://www.weirdog.com/",
                    "role": "Developer"
                }
            ],
            "description": "Provides an API to handle HTTP requests.",
            "homepage": "http://icanboogie.org/",
            "keywords": [
                "dispatcher",
                "http",
                "request",
                "response"
            ],
            "time": "2015-01-15 20:49:38"
        },
        {
            "name": "icanboogie/i18n",
            "version": "v2.0.6",
            "source": {
                "type": "git",
                "url": "https://github.com/ICanBoogie/I18n.git",
                "reference": "abfef119d31a03ac885a1bb93a5390307c6e10fd"
            },
            "dist": {
                "type": "zip",
                "url": "https://api.github.com/repos/ICanBoogie/I18n/zipball/abfef119d31a03ac885a1bb93a5390307c6e10fd",
                "reference": "abfef119d31a03ac885a1bb93a5390307c6e10fd",
                "shasum": ""
            },
            "require": {
                "icanboogie/cldr": ">=1.3.4",
                "icanboogie/prototype": "~2.0",
                "php": ">=5.4.0"
            },
            "type": "library",
            "extra": {
                "icanboogie": {
                    "autoconfig-filters": [
                        "ICanBoogie\\I18n\\Hooks::filter_autoconfig"
                    ]
                }
            },
            "autoload": {
                "psr-4": {
                    "ICanBoogie\\I18n\\": "lib"
                },
                "classmap": [
                    "lib/I18n.php"
                ],
                "files": [
                    "helpers.php"
                ]
            },
            "notification-url": "https://packagist.org/downloads/",
            "license": [
                "BSD-3-Clause"
            ],
            "authors": [
                {
                    "name": "Olivier Laviale",
                    "email": "olivier.laviale@gmail.com",
                    "homepage": "http://www.weirdog.com/",
                    "role": "Developer"
                }
            ],
            "description": "I18n framework",
            "homepage": "http://icanboogie.org/",
            "keywords": [
                "i18n"
            ],
            "time": "2015-01-24 23:03:37"
        },
        {
            "name": "icanboogie/icanboogie",
            "version": "v2.1.0",
            "source": {
                "type": "git",
                "url": "https://github.com/ICanBoogie/ICanBoogie.git",
                "reference": "a282112d7f61c2d2f3bbea74b3c55424f5fa994b"
            },
            "dist": {
                "type": "zip",
                "url": "https://api.github.com/repos/ICanBoogie/ICanBoogie/zipball/a282112d7f61c2d2f3bbea74b3c55424f5fa994b",
                "reference": "a282112d7f61c2d2f3bbea74b3c55424f5fa994b",
                "shasum": ""
            },
            "require": {
                "icanboogie/common": "~1.2",
                "icanboogie/config": "~1.0",
                "icanboogie/errors": "~1.0",
                "icanboogie/event": "~1.2",
                "icanboogie/http": "~2.2",
                "icanboogie/inflector": "~1.3",
                "icanboogie/operation": "~2.0",
                "icanboogie/prototype": "~2.0",
                "icanboogie/routing": "~2.0",
                "icanboogie/storage": "~1.0",
                "icanboogie/view": "~0.1",
                "php": ">=5.4.0",
                "psr/log": "~1.0"
            },
            "require-dev": {
                "icanboogie/activerecord": "~2.1",
                "icanboogie/i18n": "~2.0"
            },
            "suggest": {
                "icanboogie/activerecord": "ActiveRecord Object-relational mapping.",
                "icanboogie/cldr": "Provides internationalization for your application.",
                "icanboogie/i18n": "Provides localization for your application and nice internationalization helpers.",
                "icanboogie/image": "Provides image resizing, filling, and color resolving.",
                "icanboogie/module": "Provides support to extend ICanBoogie using modules."
            },
            "type": "library",
            "extra": {
                "icanboogie": {
                    "app-root": "protected",
                    "config-path": "config/",
                    "locale-path": "locale/",
                    "config-constructor": {
                        "core": "recursive merge",
                        "debug": "ICanBoogie\\Debug::synthesize_config"
                    },
                    "autoconfig-filters": [
                        "ICanBoogie\\Autoconfig\\Hooks::filter_autoconfig"
                    ]
                }
            },
            "autoload": {
                "psr-4": {
                    "ICanBoogie\\": "lib"
                },
                "files": [
                    "bootstrap.php",
                    "helpers.php"
                ]
            },
            "notification-url": "https://packagist.org/downloads/",
            "license": [
                "BSD-3-Clause"
            ],
            "authors": [
                {
                    "name": "Olivier Laviale",
                    "email": "olivier.laviale@gmail.com",
                    "homepage": "http://www.weirdog.com/",
                    "role": "Developer"
                }
            ],
            "description": "High-performance object-oriented micro-framework for PHP5.4+",
            "homepage": "http://icanboogie.org/",
            "keywords": [
                "framework"
            ],
            "time": "2015-01-25 01:05:02"
        },
        {
            "name": "icanboogie/inflector",
            "version": "v1.3.2",
            "source": {
                "type": "git",
                "url": "https://github.com/ICanBoogie/Inflector.git",
                "reference": "3b441ad376901077f88e4ec4482b425801ab6259"
            },
            "dist": {
                "type": "zip",
                "url": "https://api.github.com/repos/ICanBoogie/Inflector/zipball/3b441ad376901077f88e4ec4482b425801ab6259",
                "reference": "3b441ad376901077f88e4ec4482b425801ab6259",
                "shasum": ""
            },
            "require": {
                "php": ">=5.3.0"
            },
            "type": "library",
            "autoload": {
                "classmap": [
                    "lib/"
                ],
                "files": [
                    "lib/helpers.php"
                ]
            },
            "notification-url": "https://packagist.org/downloads/",
            "license": [
                "BSD-3-Clause"
            ],
            "authors": [
                {
                    "name": "Olivier Laviale",
                    "email": "olivier.laviale@gmail.com",
                    "homepage": "http://www.weirdog.com/",
                    "role": "Developer"
                }
            ],
            "description": "The Inflector transforms words from singular to plural, underscore to camel case, titelize words and more.",
            "homepage": "http://icanboogie.org/",
            "keywords": [
                "camelize",
                "hyphenate",
                "inflect",
                "pluralize",
                "singularize",
                "underscore"
            ],
            "time": "2014-09-16 15:06:49"
        },
        {
            "name": "icanboogie/module",
            "version": "v2.1.0",
            "source": {
                "type": "git",
                "url": "https://github.com/ICanBoogie/Module.git",
                "reference": "d9dace971b39a1831f5112e0bfc18fc1a39b868c"
            },
            "dist": {
                "type": "zip",
                "url": "https://api.github.com/repos/ICanBoogie/Module/zipball/d9dace971b39a1831f5112e0bfc18fc1a39b868c",
                "reference": "d9dace971b39a1831f5112e0bfc18fc1a39b868c",
                "shasum": ""
            },
            "require": {
                "icanboogie/activerecord": ">=2.1.0",
                "icanboogie/errors": ">=1.0.0",
                "php": ">=5.4.0"
            },
            "require-dev": {
                "icanboogie/facets": "dev-master",
                "icanboogie/i18n": "~2.0",
                "icanboogie/icanboogie": "~2.0",
                "icanboogie/routing": "~2.1",
                "icanboogie/storage": "~1.0",
                "icanboogie/view": "~0.1"
            },
            "suggest": {
                "icanboogie/facets": "In order to provide records fetchers to controllers.",
                "icanboogie/operation": "Required to use the 'delete' and 'save' operations."
            },
            "type": "library",
            "extra": {
                "icanboogie": {
                    "config-path": "config",
                    "autoconfig-filters": [
                        "ICanBoogie\\Module\\Hooks::filter_autoconfig"
                    ]
                }
            },
            "autoload": {
                "psr-4": {
                    "ICanBoogie\\Module\\": "lib"
                },
                "classmap": [
                    "lib/Module.php",
                    "lib/operations"
                ]
            },
            "notification-url": "https://packagist.org/downloads/",
            "license": [
                "BSD-3-Clause"
            ],
            "authors": [
                {
                    "name": "Olivier Laviale",
                    "email": "olivier.laviale@gmail.com",
                    "homepage": "http://www.weirdog.com/",
                    "role": "Developer"
                }
            ],
            "description": "Provides module support to ICanBoogie.",
            "homepage": "http://icanboogie.org/",
            "keywords": [
                "framework",
                "module"
            ],
            "time": "2015-01-25 00:26:13"
        },
        {
            "name": "icanboogie/operation",
            "version": "v2.0.2",
            "source": {
                "type": "git",
                "url": "https://github.com/ICanBoogie/Operation.git",
                "reference": "827c568aa183d44805402a0865d1c122b6599893"
            },
            "dist": {
                "type": "zip",
                "url": "https://api.github.com/repos/ICanBoogie/Operation/zipball/827c568aa183d44805402a0865d1c122b6599893",
                "reference": "827c568aa183d44805402a0865d1c122b6599893",
                "shasum": ""
            },
            "require": {
                "icanboogie/errors": "1.x",
                "icanboogie/event": "1.x",
                "icanboogie/routing": "2.x",
                "php": ">=5.4.0"
            },
            "require-dev": {
                "icanboogie/icanboogie": "2.x",
                "icanboogie/module": "2.x"
            },
            "type": "library",
            "autoload": {
                "psr-4": {
                    "ICanBoogie\\Operation\\": "lib"
                },
                "classmap": [
                    "lib/Operation.php"
                ]
            },
            "notification-url": "https://packagist.org/downloads/",
            "license": [
                "BSD-3-Clause"
            ],
            "authors": [
                {
                    "name": "Olivier Laviale",
                    "email": "olivier.laviale@gmail.com",
                    "homepage": "http://www.weirdog.com/",
                    "role": "Developer"
                }
            ],
            "description": "Operations, the doers of the MOVE world",
            "homepage": "http://icanboogie.org/",
            "keywords": [
                "controller",
                "dispatch",
                "operation"
            ],
            "time": "2014-11-14 08:32:55"
        },
        {
            "name": "icanboogie/prototype",
            "version": "v2.0.2",
            "source": {
                "type": "git",
                "url": "https://github.com/ICanBoogie/Prototype.git",
                "reference": "a5609892a516b916ae3a5728f2339e52e1b05111"
            },
            "dist": {
                "type": "zip",
                "url": "https://api.github.com/repos/ICanBoogie/Prototype/zipball/a5609892a516b916ae3a5728f2339e52e1b05111",
                "reference": "a5609892a516b916ae3a5728f2339e52e1b05111",
                "shasum": ""
            },
            "require": {
                "icanboogie/common": ">=1.2",
                "php": ">=5.4.0"
            },
            "type": "library",
            "extra": {
                "icanboogie": {
                    "config-constructor": {
                        "prototypes": "ICanBoogie\\Prototype\\Hooks::synthesize_config#hooks"
                    }
                }
            },
            "autoload": {
                "psr-4": {
                    "ICanBoogie\\Object\\": "lib/Object",
                    "ICanBoogie\\Prototype\\": "lib/Prototype"
                },
                "classmap": [
                    "lib/GetterTrait.php",
                    "lib/Object.php",
                    "lib/Prototype.php",
                    "lib/PrototypeTrait.php"
                ],
                "files": [
                    "helpers.php"
                ]
            },
            "notification-url": "https://packagist.org/downloads/",
            "license": [
                "BSD-3-Clause"
            ],
            "authors": [
                {
                    "name": "Olivier Laviale",
                    "email": "olivier.laviale@gmail.com",
                    "homepage": "http://www.weirdog.com/",
                    "role": "Developer"
                }
            ],
            "description": "Implements the Prototype design pattern; getters/setters",
            "homepage": "http://icanboogie.org/",
            "keywords": [
                "facade",
                "getter",
                "prototype",
                "setter"
            ],
            "time": "2014-12-14 17:32:40"
        },
        {
            "name": "icanboogie/render",
            "version": "v0.1.0",
            "source": {
                "type": "git",
                "url": "https://github.com/ICanBoogie/Render.git",
                "reference": "bf44ea70f7478bccbb7d6008b524fde936536726"
            },
            "dist": {
                "type": "zip",
                "url": "https://api.github.com/repos/ICanBoogie/Render/zipball/bf44ea70f7478bccbb7d6008b524fde936536726",
                "reference": "bf44ea70f7478bccbb7d6008b524fde936536726",
                "shasum": ""
            },
            "require": {
                "icanboogie/event": "~1.2",
                "icanboogie/prototype": "~2.0",
                "php": ">=5.4.0"
            },
            "type": "library",
            "autoload": {
                "psr-4": {
                    "ICanBoogie\\Render\\": "lib/"
                },
                "files": [
                    "helpers.php"
                ]
            },
            "notification-url": "https://packagist.org/downloads/",
            "license": [
                "BSD-3-Clause"
            ],
            "authors": [
                {
                    "name": "Olivier Laviale",
                    "email": "olivier.laviale@gmail.com",
                    "homepage": "http://www.weirdog.com/",
                    "role": "Developer"
                }
            ],
            "description": "An API to render and decorate objects.",
            "homepage": "http://icanboogie.org/",
            "keywords": [
                "decorate",
                "render"
            ],
            "time": "2015-01-24 17:35:42"
        },
        {
            "name": "icanboogie/routing",
            "version": "v2.1.2",
            "source": {
                "type": "git",
                "url": "https://github.com/ICanBoogie/Routing.git",
                "reference": "826d1a0071426f3d2ad620ef0d9026304c9c046f"
            },
            "dist": {
                "type": "zip",
                "url": "https://api.github.com/repos/ICanBoogie/Routing/zipball/826d1a0071426f3d2ad620ef0d9026304c9c046f",
                "reference": "826d1a0071426f3d2ad620ef0d9026304c9c046f",
                "shasum": ""
            },
            "require": {
                "icanboogie/http": "2.2.x",
                "php": ">=5.4.0"
            },
            "type": "library",
            "extra": {
                "icanboogie": {
                    "config-path": "config",
                    "config-constructor": {
                        "routes": "ICanBoogie\\Routing\\Hooks::synthesize_routes_config"
                    }
                }
            },
            "autoload": {
                "psr-4": {
                    "ICanBoogie\\Routing\\": "lib/"
                },
                "files": [
                    "helpers.php"
                ]
            },
            "notification-url": "https://packagist.org/downloads/",
            "license": [
                "BSD-3-Clause"
            ],
            "authors": [
                {
                    "name": "Olivier Laviale",
                    "email": "olivier.laviale@gmail.com",
                    "homepage": "http://www.weirdog.com/",
                    "role": "Developer"
                }
            ],
            "description": "Request routing.",
            "homepage": "http://icanboogie.org/",
            "keywords": [
                "routing"
            ],
            "time": "2015-01-25 01:23:23"
        },
        {
            "name": "icanboogie/storage",
            "version": "v1.0.0",
            "source": {
                "type": "git",
                "url": "https://github.com/ICanBoogie/Storage.git",
                "reference": "10dcc5228b84c30ec759b4ee0ebd5ec65a398026"
            },
            "dist": {
                "type": "zip",
                "url": "https://api.github.com/repos/ICanBoogie/Storage/zipball/10dcc5228b84c30ec759b4ee0ebd5ec65a398026",
                "reference": "10dcc5228b84c30ec759b4ee0ebd5ec65a398026",
                "shasum": ""
            },
            "require": {
                "php": ">=5.4.0"
            },
            "type": "library",
            "autoload": {
                "psr-4": {
                    "ICanBoogie\\Storage\\": "lib/"
                }
            },
            "notification-url": "https://packagist.org/downloads/",
            "license": [
                "BSD-3-Clause"
            ],
            "authors": [
                {
                    "name": "Olivier Laviale",
                    "email": "olivier.laviale@gmail.com",
                    "homepage": "http://www.weirdog.com/",
                    "role": "Developer"
                }
            ],
            "description": "An API to store values.",
            "homepage": "http://icanboogie.org/",
            "keywords": [
                "cache",
                "storage"
            ],
            "time": "2015-01-13 13:32:24"
        },
        {
            "name": "icanboogie/view",
            "version": "v0.1.0",
            "source": {
                "type": "git",
                "url": "https://github.com/ICanBoogie/View.git",
                "reference": "36e5dd8369031bb39f24fc1fe2e6fcb0c076c45a"
            },
            "dist": {
                "type": "zip",
                "url": "https://api.github.com/repos/ICanBoogie/View/zipball/36e5dd8369031bb39f24fc1fe2e6fcb0c076c45a",
                "reference": "36e5dd8369031bb39f24fc1fe2e6fcb0c076c45a",
                "shasum": ""
            },
            "require": {
                "icanboogie/event": "~1.2",
                "icanboogie/render": "~0.1",
                "icanboogie/routing": "~2.1",
                "php": ">=5.4.0"
            },
            "require-dev": {
                "icanboogie/icanboogie": "~2.0"
            },
            "type": "library",
            "extra": {
                "icanboogie": {
                    "config-path": "config"
                }
            },
            "autoload": {
                "psr-4": {
                    "ICanBoogie\\View\\": "lib/"
                }
            },
            "notification-url": "https://packagist.org/downloads/",
            "license": [
                "BSD-3-Clause"
            ],
            "authors": [
                {
                    "name": "Olivier Laviale",
                    "email": "olivier.laviale@gmail.com",
                    "homepage": "http://www.weirdog.com/",
                    "role": "Developer"
                }
            ],
            "description": "Provides view support to ICanBoogie",
            "homepage": "http://icanboogie.org/",
            "keywords": [
                "template",
                "view"
            ],
            "time": "2015-01-24 19:48:23"
        },
        {
            "name": "icybee/bluetihi",
            "version": "v0.0.3",
            "source": {
                "type": "git",
                "url": "https://github.com/Icybee/BlueTihi.git",
                "reference": "bfff98214c676e3a31e83ffaf883f06e8eebc020"
            },
            "dist": {
                "type": "zip",
                "url": "https://api.github.com/repos/Icybee/BlueTihi/zipball/bfff98214c676e3a31e83ffaf883f06e8eebc020",
                "reference": "bfff98214c676e3a31e83ffaf883f06e8eebc020",
                "shasum": ""
            },
            "require": {
                "icanboogie/common": "*",
                "php": ">=5.4.0"
            },
            "type": "library",
            "autoload": {
                "psr-4": {
                    "BlueTihi\\": "lib/"
                }
            },
            "notification-url": "https://packagist.org/downloads/",
            "license": [
                "BSD-3-Clause"
            ],
            "authors": [
                {
                    "name": "Olivier Laviale",
                    "email": "olivier.laviale@gmail.com",
                    "homepage": "http://www.weirdog.com/",
                    "role": "Developer"
                }
            ],
            "description": "Blueprint for template engines",
            "homepage": "http://icybee.org/",
            "keywords": [
                "templating"
            ],
            "time": "2014-09-16 15:54:50"
        },
        {
            "name": "icybee/patron",
            "version": "v1.3.1",
            "source": {
                "type": "git",
                "url": "https://github.com/Icybee/Patron.git",
                "reference": "9558c900165d05512fbeb8601a429d9e84023655"
            },
            "dist": {
                "type": "zip",
                "url": "https://api.github.com/repos/Icybee/Patron/zipball/9558c900165d05512fbeb8601a429d9e84023655",
                "reference": "9558c900165d05512fbeb8601a429d9e84023655",
                "shasum": ""
            },
            "require": {
                "icanboogie/common": "~1.2",
                "icanboogie/render": "~0.1",
                "icybee/bluetihi": ">=0.0.2",
                "php": ">=5.4.0"
            },
            "suggest": {
                "brickrouge/brickrouge": "Required to use p:pager, p:document:css, and p:document:js",
                "icanboogie/i18n": "Required to use the translation notation and markup."
            },
            "type": "library",
            "extra": {
                "icanboogie": {
                    "config-path": "config"
                }
            },
            "autoload": {
                "psr-4": {
                    "Patron\\": "lib/"
                },
                "classmap": [
                    "lib/markdown/",
                    "lib/textmark/"
                ],
                "files": [
                    "lib/helpers.php"
                ]
            },
            "notification-url": "https://packagist.org/downloads/",
            "license": [
                "BSD-3-Clause"
            ],
            "authors": [
                {
                    "name": "Olivier Laviale",
                    "email": "olivier.laviale@gmail.com",
                    "homepage": "http://www.weirdog.com/",
                    "role": "Developer"
                }
            ],
            "description": "A HTML template engine",
            "homepage": "https://github.com/Icybee/Patron",
            "keywords": [
                "engine",
                "html",
                "template"
            ],
            "time": "2015-01-25 00:44:38"
        },
        {
            "name": "icybee/patron-render-support",
            "version": "v0.1.0",
            "source": {
                "type": "git",
                "url": "https://github.com/Icybee/patron-render-support.git",
                "reference": "4cf71132301606087e43ecddce9e204b154f0ec9"
            },
            "dist": {
                "type": "zip",
                "url": "https://api.github.com/repos/Icybee/patron-render-support/zipball/4cf71132301606087e43ecddce9e204b154f0ec9",
                "reference": "4cf71132301606087e43ecddce9e204b154f0ec9",
                "shasum": ""
            },
            "require": {
                "icanboogie/render": "~0.1",
                "icybee/patron": "~1.3",
                "php": ">=5.4.0"
            },
            "type": "library",
            "extra": {
                "icanboogie": {
                    "config-path": "config"
                }
            },
            "autoload": {
                "psr-4": {
                    "Patron\\RenderSupport\\": "lib/"
                }
            },
            "notification-url": "https://packagist.org/downloads/",
            "license": [
                "BSD-3-Clause"
            ],
            "authors": [
                {
                    "name": "Olivier Laviale",
                    "email": "olivier.laviale@gmail.com",
                    "homepage": "http://www.weirdog.com/",
                    "role": "Developer"
                }
            ],
            "description": "Patron engine support for ICanBoogie/Render",
            "homepage": "https://github.com/Icybee/patron-render-support",
            "keywords": [
                "engine",
                "patron",
                "render"
            ],
            "time": "2015-01-24 20:11:01"
        },
        {
            "name": "psr/log",
            "version": "1.0.0",
            "source": {
                "type": "git",
                "url": "https://github.com/php-fig/log.git",
                "reference": "fe0936ee26643249e916849d48e3a51d5f5e278b"
            },
            "dist": {
                "type": "zip",
                "url": "https://api.github.com/repos/php-fig/log/zipball/fe0936ee26643249e916849d48e3a51d5f5e278b",
                "reference": "fe0936ee26643249e916849d48e3a51d5f5e278b",
                "shasum": ""
            },
            "type": "library",
            "autoload": {
                "psr-0": {
                    "Psr\\Log\\": ""
                }
            },
            "notification-url": "https://packagist.org/downloads/",
            "license": [
                "MIT"
            ],
            "authors": [
                {
                    "name": "PHP-FIG",
                    "homepage": "http://www.php-fig.org/"
                }
            ],
            "description": "Common interface for logging libraries",
            "keywords": [
                "log",
                "psr",
                "psr-3"
            ],
            "time": "2012-12-21 11:40:51"
        }
    ],
    "packages-dev": [],
    "aliases": [],
    "minimum-stability": "stable",
    "stability-flags": {
        "icanboogie/facets": 20,
        "brickrouge/listview": 20
    },
    "prefer-stable": false,
    "prefer-lowest": false,
    "platform": [],
    "platform-dev": []
}
